{
  "name": "netlify-plugin-hugo-cache-resources-example",
  "version": "1.0.0",
  "lockfileVersion": 1,
  "requires": true,
  "dependencies": {
    "netlify-plugin-hugo-cache-resources": {
      "version": "0.1.6",
      "resolved": "https://registry.npmjs.org/netlify-plugin-hugo-cache-resources/-/netlify-plugin-hugo-cache-resources-0.1.6.tgz",
      "integrity": "sha512-LzJpBOf/LBcQ0dieTN2Aw/EzXODxE6LkHgChokNnwMiAf+d4dFo8BgCinjPlaY3QTemsq9XUvl/iWG4wevxtvA==",
      "dev": true
    }
  }
}
