{
  "requires": true,
  "lockfileVersion": 1,
  "dependencies": {
    "netlify-plugin-hugo-cache-resources": {
      "version": "0.2.0",
      "resolved": "https://registry.npmjs.org/netlify-plugin-hugo-cache-resources/-/netlify-plugin-hugo-cache-resources-0.2.0.tgz",
      "integrity": "sha512-qNmO6jlVQDVmGwSYNuFLoubnYeaPUSN1AsraSWpE71yTw3PAzVtUvDeEKeunxTqlgICniXxQs188//LTjUKM+Q==",
      "dev": true
    }
  }
}
